
Microsoft Visual Studio Solution File, Format Version 12.00
Project("{FAE04EC0-301F-11D3-BF4B-00C04F79EFBC}") = "NibelungLog.Api", "NibelungLog.Api\NibelungLog.Api.csproj", "{F0AC80B6-7042-4851-A9B2-24B69060F494}"
EndProject
Project("{FAE04EC0-301F-11D3-BF4B-00C04F79EFBC}") = "NibelungLog.GuildWorker", "NibelungLog.GuildWorker\NibelungLog.GuildWorker.csproj", "{A1B2C3D4-E5F6-7890-ABCD-EF1234567890}"
EndProject
Project("{FAE04EC0-301F-11D3-BF4B-00C04F79EFBC}") = "NibelungLog.DiscordBot", "NibelungLog.DiscordBot\NibelungLog.DiscordBot.csproj", "{B2C3D4E5-F6A7-8901-BCDE-F12345678901}"
EndProject
Project("{FAE04EC0-301F-11D3-BF4B-00C04F79EFBC}") = "NibelungLog.DAL", "NibelungLog.DAL\NibelungLog.DAL.csproj", "{F8404BB0-BCA7-40E0-A93D-D532E9A8609D}"
EndProject
Project("{FAE04EC0-301F-11D3-BF4B-00C04F79EFBC}") = "NibelungLog.Domain", "NibelungLog.Domain\NibelungLog.Domain.csproj", "{3C034462-CF37-42ED-95D2-0AE95841125A}"
EndProject
Project("{FAE04EC0-301F-11D3-BF4B-00C04F79EFBC}") = "NibelungLog.Service", "NibelungLog.Service\NibelungLog.Service.csproj", "{7FA3D736-A524-478E-AC38-EF9569A7E8D1}"
EndProject
Project("{FAE04EC0-301F-11D3-BF4B-00C04F79EFBC}") = "NibelungLog.ParserUlduar", "NibelungLog.ParserUlduar\NibelungLog.ParserUlduar.csproj", "{7671D39B-CC0D-4127-ADD1-AC7442FF4363}"
EndProject
Project("{FAE04EC0-301F-11D3-BF4B-00C04F79EFBC}") = "NibelungLog.ParserNaxxramas", "NibelungLog.ParserNaxxramas\NibelungLog.ParserNaxxramas.csproj", "{36D1C7B8-0AFA-4F51-8700-AED6E64640EF}"
EndProject
Project("{FAE04EC0-301F-11D3-BF4B-00C04F79EFBC}") = "NibelungLog.ParserObsidianSanctum", "NibelungLog.ParserObsidianSanctum\NibelungLog.ParserObsidianSanctum.csproj", "{08C44AEC-9CDD-4662-8575-9AFD3B8595C5}"
EndProject
Project("{FAE04EC0-301F-11D3-BF4B-00C04F79EFBC}") = "NibelungLog.ParserEyeOfEternity", "NibelungLog.ParserEyeOfEternity\NibelungLog.ParserEyeOfEternity.csproj", "{45FC08C1-EEDE-4F74-BDB4-5D1A86EADE39}"
EndProject
Project("{FAE04EC0-301F-11D3-BF4B-00C04F79EFBC}") = "NibelungLog.ParserTrialOfCrusader", "NibelungLog.ParserTrialOfCrusader\NibelungLog.ParserTrialOfCrusader.csproj", "{C1FFF40A-A666-464E-A86F-8AD2F4FD916E}"
EndProject
Global
	GlobalSection(SolutionConfigurationPlatforms) = preSolution
		Debug|Any CPU = Debug|Any CPU
		Debug|x64 = Debug|x64
		Debug|x86 = Debug|x86
		Release|Any CPU = Release|Any CPU
		Release|x64 = Release|x64
		Release|x86 = Release|x86
	EndGlobalSection
	GlobalSection(ProjectConfigurationPlatforms) = postSolution
		{F0AC80B6-7042-4851-A9B2-24B69060F494}.Debug|Any CPU.ActiveCfg = Debug|Any CPU
		{F0AC80B6-7042-4851-A9B2-24B69060F494}.Debug|Any CPU.Build.0 = Debug|Any CPU
		{F0AC80B6-7042-4851-A9B2-24B69060F494}.Debug|x64.ActiveCfg = Debug|Any CPU
		{F0AC80B6-7042-4851-A9B2-24B69060F494}.Debug|x64.Build.0 = Debug|Any CPU
		{F0AC80B6-7042-4851-A9B2-24B69060F494}.Debug|x86.ActiveCfg = Debug|Any CPU
		{F0AC80B6-7042-4851-A9B2-24B69060F494}.Debug|x86.Build.0 = Debug|Any CPU
		{F0AC80B6-7042-4851-A9B2-24B69060F494}.Release|Any CPU.ActiveCfg = Release|Any CPU
		{F0AC80B6-7042-4851-A9B2-24B69060F494}.Release|Any CPU.Build.0 = Release|Any CPU
		{F0AC80B6-7042-4851-A9B2-24B69060F494}.Release|x64.ActiveCfg = Release|Any CPU
		{F0AC80B6-7042-4851-A9B2-24B69060F494}.Release|x64.Build.0 = Release|Any CPU
		{F0AC80B6-7042-4851-A9B2-24B69060F494}.Release|x86.ActiveCfg = Release|Any CPU
		{F0AC80B6-7042-4851-A9B2-24B69060F494}.Release|x86.Build.0 = Release|Any CPU
		{A1B2C3D4-E5F6-7890-ABCD-EF1234567890}.Debug|Any CPU.ActiveCfg = Debug|Any CPU
		{A1B2C3D4-E5F6-7890-ABCD-EF1234567890}.Debug|Any CPU.Build.0 = Debug|Any CPU
		{A1B2C3D4-E5F6-7890-ABCD-EF1234567890}.Debug|x64.ActiveCfg = Debug|Any CPU
		{A1B2C3D4-E5F6-7890-ABCD-EF1234567890}.Debug|x64.Build.0 = Debug|Any CPU
		{A1B2C3D4-E5F6-7890-ABCD-EF1234567890}.Debug|x86.ActiveCfg = Debug|Any CPU
		{A1B2C3D4-E5F6-7890-ABCD-EF1234567890}.Debug|x86.Build.0 = Debug|Any CPU
		{A1B2C3D4-E5F6-7890-ABCD-EF1234567890}.Release|Any CPU.ActiveCfg = Release|Any CPU
		{A1B2C3D4-E5F6-7890-ABCD-EF1234567890}.Release|Any CPU.Build.0 = Release|Any CPU
		{A1B2C3D4-E5F6-7890-ABCD-EF1234567890}.Release|x64.ActiveCfg = Release|Any CPU
		{A1B2C3D4-E5F6-7890-ABCD-EF1234567890}.Release|x64.Build.0 = Release|Any CPU
		{A1B2C3D4-E5F6-7890-ABCD-EF1234567890}.Release|x86.ActiveCfg = Release|Any CPU
		{A1B2C3D4-E5F6-7890-ABCD-EF1234567890}.Release|x86.Build.0 = Release|Any CPU
		{B2C3D4E5-F6A7-8901-BCDE-F12345678901}.Debug|Any CPU.ActiveCfg = Debug|Any CPU
		{B2C3D4E5-F6A7-8901-BCDE-F12345678901}.Debug|Any CPU.Build.0 = Debug|Any CPU
		{B2C3D4E5-F6A7-8901-BCDE-F12345678901}.Debug|x64.ActiveCfg = Debug|Any CPU
		{B2C3D4E5-F6A7-8901-BCDE-F12345678901}.Debug|x64.Build.0 = Debug|Any CPU
		{B2C3D4E5-F6A7-8901-BCDE-F12345678901}.Debug|x86.ActiveCfg = Debug|Any CPU
		{B2C3D4E5-F6A7-8901-BCDE-F12345678901}.Debug|x86.Build.0 = Debug|Any CPU
		{B2C3D4E5-F6A7-8901-BCDE-F12345678901}.Release|Any CPU.ActiveCfg = Release|Any CPU
		{B2C3D4E5-F6A7-8901-BCDE-F12345678901}.Release|Any CPU.Build.0 = Release|Any CPU
		{B2C3D4E5-F6A7-8901-BCDE-F12345678901}.Release|x64.ActiveCfg = Release|Any CPU
		{B2C3D4E5-F6A7-8901-BCDE-F12345678901}.Release|x64.Build.0 = Release|Any CPU
		{B2C3D4E5-F6A7-8901-BCDE-F12345678901}.Release|x86.ActiveCfg = Release|Any CPU
		{B2C3D4E5-F6A7-8901-BCDE-F12345678901}.Release|x86.Build.0 = Release|Any CPU
		{F8404BB0-BCA7-40E0-A93D-D532E9A8609D}.Debug|Any CPU.ActiveCfg = Debug|Any CPU
		{F8404BB0-BCA7-40E0-A93D-D532E9A8609D}.Debug|Any CPU.Build.0 = Debug|Any CPU
		{F8404BB0-BCA7-40E0-A93D-D532E9A8609D}.Debug|x64.ActiveCfg = Debug|Any CPU
		{F8404BB0-BCA7-40E0-A93D-D532E9A8609D}.Debug|x64.Build.0 = Debug|Any CPU
		{F8404BB0-BCA7-40E0-A93D-D532E9A8609D}.Debug|x86.ActiveCfg = Debug|Any CPU
		{F8404BB0-BCA7-40E0-A93D-D532E9A8609D}.Debug|x86.Build.0 = Debug|Any CPU
		{F8404BB0-BCA7-40E0-A93D-D532E9A8609D}.Release|Any CPU.ActiveCfg = Release|Any CPU
		{F8404BB0-BCA7-40E0-A93D-D532E9A8609D}.Release|Any CPU.Build.0 = Release|Any CPU
		{F8404BB0-BCA7-40E0-A93D-D532E9A8609D}.Release|x64.ActiveCfg = Release|Any CPU
		{F8404BB0-BCA7-40E0-A93D-D532E9A8609D}.Release|x64.Build.0 = Release|Any CPU
		{F8404BB0-BCA7-40E0-A93D-D532E9A8609D}.Release|x86.ActiveCfg = Release|Any CPU
		{F8404BB0-BCA7-40E0-A93D-D532E9A8609D}.Release|x86.Build.0 = Release|Any CPU
		{3C034462-CF37-42ED-95D2-0AE95841125A}.Debug|Any CPU.ActiveCfg = Debug|Any CPU
		{3C034462-CF37-42ED-95D2-0AE95841125A}.Debug|Any CPU.Build.0 = Debug|Any CPU
		{3C034462-CF37-42ED-95D2-0AE95841125A}.Debug|x64.ActiveCfg = Debug|Any CPU
		{3C034462-CF37-42ED-95D2-0AE95841125A}.Debug|x64.Build.0 = Debug|Any CPU
		{3C034462-CF37-42ED-95D2-0AE95841125A}.Debug|x86.ActiveCfg = Debug|Any CPU
		{3C034462-CF37-42ED-95D2-0AE95841125A}.Debug|x86.Build.0 = Debug|Any CPU
		{3C034462-CF37-42ED-95D2-0AE95841125A}.Release|Any CPU.ActiveCfg = Release|Any CPU
		{3C034462-CF37-42ED-95D2-0AE95841125A}.Release|Any CPU.Build.0 = Release|Any CPU
		{3C034462-CF37-42ED-95D2-0AE95841125A}.Release|x64.ActiveCfg = Release|Any CPU
		{3C034462-CF37-42ED-95D2-0AE95841125A}.Release|x64.Build.0 = Release|Any CPU
		{3C034462-CF37-42ED-95D2-0AE95841125A}.Release|x86.ActiveCfg = Release|Any CPU
		{3C034462-CF37-42ED-95D2-0AE95841125A}.Release|x86.Build.0 = Release|Any CPU
		{7FA3D736-A524-478E-AC38-EF9569A7E8D1}.Debug|Any CPU.ActiveCfg = Debug|Any CPU
		{7FA3D736-A524-478E-AC38-EF9569A7E8D1}.Debug|Any CPU.Build.0 = Debug|Any CPU
		{7FA3D736-A524-478E-AC38-EF9569A7E8D1}.Debug|x64.ActiveCfg = Debug|Any CPU
		{7FA3D736-A524-478E-AC38-EF9569A7E8D1}.Debug|x64.Build.0 = Debug|Any CPU
		{7FA3D736-A524-478E-AC38-EF9569A7E8D1}.Debug|x86.ActiveCfg = Debug|Any CPU
		{7FA3D736-A524-478E-AC38-EF9569A7E8D1}.Debug|x86.Build.0 = Debug|Any CPU
		{7FA3D736-A524-478E-AC38-EF9569A7E8D1}.Release|Any CPU.ActiveCfg = Release|Any CPU
		{7FA3D736-A524-478E-AC38-EF9569A7E8D1}.Release|Any CPU.Build.0 = Release|Any CPU
		{7FA3D736-A524-478E-AC38-EF9569A7E8D1}.Release|x64.ActiveCfg = Release|Any CPU
		{7FA3D736-A524-478E-AC38-EF9569A7E8D1}.Release|x64.Build.0 = Release|Any CPU
		{7FA3D736-A524-478E-AC38-EF9569A7E8D1}.Release|x86.ActiveCfg = Release|Any CPU
		{7FA3D736-A524-478E-AC38-EF9569A7E8D1}.Release|x86.Build.0 = Release|Any CPU
		{7671D39B-CC0D-4127-ADD1-AC7442FF4363}.Debug|Any CPU.ActiveCfg = Debug|Any CPU
		{7671D39B-CC0D-4127-ADD1-AC7442FF4363}.Debug|Any CPU.Build.0 = Debug|Any CPU
		{7671D39B-CC0D-4127-ADD1-AC7442FF4363}.Debug|x64.ActiveCfg = Debug|Any CPU
		{7671D39B-CC0D-4127-ADD1-AC7442FF4363}.Debug|x64.Build.0 = Debug|Any CPU
		{7671D39B-CC0D-4127-ADD1-AC7442FF4363}.Debug|x86.ActiveCfg = Debug|Any CPU
		{7671D39B-CC0D-4127-ADD1-AC7442FF4363}.Debug|x86.Build.0 = Debug|Any CPU
		{7671D39B-CC0D-4127-ADD1-AC7442FF4363}.Release|Any CPU.ActiveCfg = Release|Any CPU
		{7671D39B-CC0D-4127-ADD1-AC7442FF4363}.Release|Any CPU.Build.0 = Release|Any CPU
		{7671D39B-CC0D-4127-ADD1-AC7442FF4363}.Release|x64.ActiveCfg = Release|Any CPU
		{7671D39B-CC0D-4127-ADD1-AC7442FF4363}.Release|x64.Build.0 = Release|Any CPU
		{7671D39B-CC0D-4127-ADD1-AC7442FF4363}.Release|x86.ActiveCfg = Release|Any CPU
		{7671D39B-CC0D-4127-ADD1-AC7442FF4363}.Release|x86.Build.0 = Release|Any CPU
		{36D1C7B8-0AFA-4F51-8700-AED6E64640EF}.Debug|Any CPU.ActiveCfg = Debug|Any CPU
		{36D1C7B8-0AFA-4F51-8700-AED6E64640EF}.Debug|Any CPU.Build.0 = Debug|Any CPU
		{36D1C7B8-0AFA-4F51-8700-AED6E64640EF}.Debug|x64.ActiveCfg = Debug|Any CPU
		{36D1C7B8-0AFA-4F51-8700-AED6E64640EF}.Debug|x64.Build.0 = Debug|Any CPU
		{36D1C7B8-0AFA-4F51-8700-AED6E64640EF}.Debug|x86.ActiveCfg = Debug|Any CPU
		{36D1C7B8-0AFA-4F51-8700-AED6E64640EF}.Debug|x86.Build.0 = Debug|Any CPU
		{36D1C7B8-0AFA-4F51-8700-AED6E64640EF}.Release|Any CPU.ActiveCfg = Release|Any CPU
		{36D1C7B8-0AFA-4F51-8700-AED6E64640EF}.Release|Any CPU.Build.0 = Release|Any CPU
		{36D1C7B8-0AFA-4F51-8700-AED6E64640EF}.Release|x64.ActiveCfg = Release|Any CPU
		{36D1C7B8-0AFA-4F51-8700-AED6E64640EF}.Release|x64.Build.0 = Release|Any CPU
		{36D1C7B8-0AFA-4F51-8700-AED6E64640EF}.Release|x86.ActiveCfg = Release|Any CPU
		{36D1C7B8-0AFA-4F51-8700-AED6E64640EF}.Release|x86.Build.0 = Release|Any CPU
		{08C44AEC-9CDD-4662-8575-9AFD3B8595C5}.Debug|Any CPU.ActiveCfg = Debug|Any CPU
		{08C44AEC-9CDD-4662-8575-9AFD3B8595C5}.Debug|Any CPU.Build.0 = Debug|Any CPU
		{08C44AEC-9CDD-4662-8575-9AFD3B8595C5}.Debug|x64.ActiveCfg = Debug|Any CPU
		{08C44AEC-9CDD-4662-8575-9AFD3B8595C5}.Debug|x64.Build.0 = Debug|Any CPU
		{08C44AEC-9CDD-4662-8575-9AFD3B8595C5}.Debug|x86.ActiveCfg = Debug|Any CPU
		{08C44AEC-9CDD-4662-8575-9AFD3B8595C5}.Debug|x86.Build.0 = Debug|Any CPU
		{08C44AEC-9CDD-4662-8575-9AFD3B8595C5}.Release|Any CPU.ActiveCfg = Release|Any CPU
		{08C44AEC-9CDD-4662-8575-9AFD3B8595C5}.Release|Any CPU.Build.0 = Release|Any CPU
		{08C44AEC-9CDD-4662-8575-9AFD3B8595C5}.Release|x64.ActiveCfg = Release|Any CPU
		{08C44AEC-9CDD-4662-8575-9AFD3B8595C5}.Release|x64.Build.0 = Release|Any CPU
		{08C44AEC-9CDD-4662-8575-9AFD3B8595C5}.Release|x86.ActiveCfg = Release|Any CPU
		{08C44AEC-9CDD-4662-8575-9AFD3B8595C5}.Release|x86.Build.0 = Release|Any CPU
		{45FC08C1-EEDE-4F74-BDB4-5D1A86EADE39}.Debug|Any CPU.ActiveCfg = Debug|Any CPU
		{45FC08C1-EEDE-4F74-BDB4-5D1A86EADE39}.Debug|Any CPU.Build.0 = Debug|Any CPU
		{45FC08C1-EEDE-4F74-BDB4-5D1A86EADE39}.Debug|x64.ActiveCfg = Debug|Any CPU
		{45FC08C1-EEDE-4F74-BDB4-5D1A86EADE39}.Debug|x64.Build.0 = Debug|Any CPU
		{45FC08C1-EEDE-4F74-BDB4-5D1A86EADE39}.Debug|x86.ActiveCfg = Debug|Any CPU
		{45FC08C1-EEDE-4F74-BDB4-5D1A86EADE39}.Debug|x86.Build.0 = Debug|Any CPU
		{45FC08C1-EEDE-4F74-BDB4-5D1A86EADE39}.Release|Any CPU.ActiveCfg = Release|Any CPU
		{45FC08C1-EEDE-4F74-BDB4-5D1A86EADE39}.Release|Any CPU.Build.0 = Release|Any CPU
		{45FC08C1-EEDE-4F74-BDB4-5D1A86EADE39}.Release|x64.ActiveCfg = Release|Any CPU
		{45FC08C1-EEDE-4F74-BDB4-5D1A86EADE39}.Release|x64.Build.0 = Release|Any CPU
		{45FC08C1-EEDE-4F74-BDB4-5D1A86EADE39}.Release|x86.ActiveCfg = Release|Any CPU
		{45FC08C1-EEDE-4F74-BDB4-5D1A86EADE39}.Release|x86.Build.0 = Release|Any CPU
		{C1FFF40A-A666-464E-A86F-8AD2F4FD916E}.Debug|Any CPU.ActiveCfg = Debug|Any CPU
		{C1FFF40A-A666-464E-A86F-8AD2F4FD916E}.Debug|Any CPU.Build.0 = Debug|Any CPU
		{C1FFF40A-A666-464E-A86F-8AD2F4FD916E}.Debug|x64.ActiveCfg = Debug|Any CPU
		{C1FFF40A-A666-464E-A86F-8AD2F4FD916E}.Debug|x64.Build.0 = Debug|Any CPU
		{C1FFF40A-A666-464E-A86F-8AD2F4FD916E}.Debug|x86.ActiveCfg = Debug|Any CPU
		{C1FFF40A-A666-464E-A86F-8AD2F4FD916E}.Debug|x86.Build.0 = Debug|Any CPU
		{C1FFF40A-A666-464E-A86F-8AD2F4FD916E}.Release|Any CPU.ActiveCfg = Release|Any CPU
		{C1FFF40A-A666-464E-A86F-8AD2F4FD916E}.Release|Any CPU.Build.0 = Release|Any CPU
		{C1FFF40A-A666-464E-A86F-8AD2F4FD916E}.Release|x64.ActiveCfg = Release|Any CPU
		{C1FFF40A-A666-464E-A86F-8AD2F4FD916E}.Release|x64.Build.0 = Release|Any CPU
		{C1FFF40A-A666-464E-A86F-8AD2F4FD916E}.Release|x86.ActiveCfg = Release|Any CPU
		{C1FFF40A-A666-464E-A86F-8AD2F4FD916E}.Release|x86.Build.0 = Release|Any CPU
	EndGlobalSection
	GlobalSection(SolutionProperties) = preSolution
		HideSolutionNode = FALSE
	EndGlobalSection
EndGlobal
